{
    "version": 3,
    "terraform_version": "0.11.11",
    "serial": 7,
    "lineage": "4be5f844-a9df-10db-a7e0-706c72e0d95b",
    "modules": [
        {
            "path": [
                "root"
            ],
            "outputs": {},
            "resources": {
                "azurerm_resource_group.automation_resource_group": {
                    "type": "azurerm_resource_group",
                    "depends_on": [],
                    "primary": {
                        "id": "/subscriptions/9c15dde4-f4fa-4de2-8655-8b81421fd628/resourceGroups/RG-WE-AUTOMATION-CLOUDPEA",
                        "attributes": {
                            "id": "/subscriptions/9c15dde4-f4fa-4de2-8655-8b81421fd628/resourceGroups/RG-WE-AUTOMATION-CLOUDPEA",
                            "location": "westeurope",
                            "name": "RG-WE-AUTOMATION-CLOUDPEA",
                            "tags.%": "0"
                        },
                        "meta": {},
                        "tainted": false
                    },
                    "deposed": [],
                    "provider": "provider.azurerm"
                },
                "azurerm_resource_group.backup_resource_group": {
                    "type": "azurerm_resource_group",
                    "depends_on": [],
                    "primary": {
                        "id": "/subscriptions/9c15dde4-f4fa-4de2-8655-8b81421fd628/resourceGroups/RG-WE-BACKUP-CLOUDPEA",
                        "attributes": {
                            "id": "/subscriptions/9c15dde4-f4fa-4de2-8655-8b81421fd628/resourceGroups/RG-WE-BACKUP-CLOUDPEA",
                            "location": "westeurope",
                            "name": "RG-WE-BACKUP-CLOUDPEA",
                            "tags.%": "0"
                        },
                        "meta": {},
                        "tainted": false
                    },
                    "deposed": [],
                    "provider": "provider.azurerm"
                },
                "data.azurerm_subscription.current": {
                    "type": "azurerm_subscription",
                    "depends_on": [],
                    "primary": {
                        "id": "/subscriptions/9c15dde4-f4fa-4de2-8655-8b81421fd628",
                        "attributes": {
                            "display_name": "Visual Studio Enterprise – MPN",
                            "id": "/subscriptions/9c15dde4-f4fa-4de2-8655-8b81421fd628",
                            "location_placement_id": "Public_2014-09-01",
                            "quota_id": "MSDN_2014-09-01",
                            "spending_limit": "On",
                            "state": "Enabled",
                            "subscription_id": "9c15dde4-f4fa-4de2-8655-8b81421fd628"
                        },
                        "meta": {},
                        "tainted": false
                    },
                    "deposed": [],
                    "provider": "provider.azurerm"
                }
            },
            "depends_on": []
        },
        {
            "path": [
                "root",
                "azure_automation"
            ],
            "outputs": {},
            "resources": {
                "azurerm_automation_account.automation_account": {
                    "type": "azurerm_automation_account",
                    "depends_on": [],
                    "primary": {
                        "id": "/subscriptions/9c15dde4-f4fa-4de2-8655-8b81421fd628/resourceGroups/RG-WE-AUTOMATION-CLOUDPEA/providers/Microsoft.Automation/automationAccounts/AA-WE-CLOUDPEA-1",
                        "attributes": {
                            "dsc_primary_access_key": "QtwqHqYSS1AUnDVuI44s1qt56zvASF6LXPc5Y5hvgc5DPwgp06k1fSutXhU8DRO8oFL6q9A4ye7e1X6ctY3Pug==",
                            "dsc_secondary_access_key": "XSPCwtXPu/FAyv0wuzWZLYx/Ez0PdWwoaOfmgfdyauy1ezIGLKdifAfipIVemO3AAMLRe39swSh6Cb+HuzASPw==",
                            "dsc_server_endpoint": "https://we-agentservice-prod-1.azure-automation.net/accounts/8069c647-9332-48d4-8213-f61fa7a5071b",
                            "id": "/subscriptions/9c15dde4-f4fa-4de2-8655-8b81421fd628/resourceGroups/RG-WE-AUTOMATION-CLOUDPEA/providers/Microsoft.Automation/automationAccounts/AA-WE-CLOUDPEA-1",
                            "location": "westeurope",
                            "name": "AA-WE-CLOUDPEA-1",
                            "resource_group_name": "RG-WE-AUTOMATION-CLOUDPEA",
                            "sku.#": "1",
                            "sku.0.name": "Basic",
                            "tags.%": "0"
                        },
                        "meta": {},
                        "tainted": false
                    },
                    "deposed": [],
                    "provider": "provider.azurerm"
                }
            },
            "depends_on": []
        },
        {
            "path": [
                "root",
                "azure_backup"
            ],
            "outputs": {},
            "resources": {
                "azurerm_recovery_services_protection_policy_vm.policy_tier1.0": {
                    "type": "azurerm_recovery_services_protection_policy_vm",
                    "depends_on": [
                        "azurerm_recovery_services_vault.vault_grs"
                    ],
                    "primary": {
                        "id": "/subscriptions/9c15dde4-f4fa-4de2-8655-8b81421fd628/resourceGroups/RG-WE-BACKUP-CLOUDPEA/providers/Microsoft.RecoveryServices/vaults/RSV-WE-CLOUDPEA-1-GRS/backupPolicies/BP-TIER1-GRS-0",
                        "attributes": {
                            "backup.#": "1",
                            "backup.0.frequency": "Daily",
                            "backup.0.time": "23:00",
                            "backup.0.weekdays.#": "0",
                            "id": "/subscriptions/9c15dde4-f4fa-4de2-8655-8b81421fd628/resourceGroups/RG-WE-BACKUP-CLOUDPEA/providers/Microsoft.RecoveryServices/vaults/RSV-WE-CLOUDPEA-1-GRS/backupPolicies/BP-TIER1-GRS-0",
                            "name": "BP-TIER1-GRS-0",
                            "recovery_vault_name": "RSV-WE-CLOUDPEA-1-GRS",
                            "resource_group_name": "RG-WE-BACKUP-CLOUDPEA",
                            "retention_daily.#": "1",
                            "retention_daily.0.count": "30",
                            "retention_monthly.#": "1",
                            "retention_monthly.0.count": "12",
                            "retention_monthly.0.weekdays.#": "1",
                            "retention_monthly.0.weekdays.3428762049": "Sunday",
                            "retention_monthly.0.weeks.#": "1",
                            "retention_monthly.0.weeks.1255909792": "Last",
                            "retention_weekly.#": "1",
                            "retention_weekly.0.count": "12",
                            "retention_weekly.0.weekdays.#": "1",
                            "retention_weekly.0.weekdays.3428762049": "Sunday",
                            "retention_yearly.#": "0",
                            "tags.%": "0",
                            "timezone": "UTC"
                        },
                        "meta": {},
                        "tainted": false
                    },
                    "deposed": [],
                    "provider": "provider.azurerm"
                },
                "azurerm_recovery_services_protection_policy_vm.policy_tier1.1": {
                    "type": "azurerm_recovery_services_protection_policy_vm",
                    "depends_on": [
                        "azurerm_recovery_services_vault.vault_grs"
                    ],
                    "primary": {
                        "id": "/subscriptions/9c15dde4-f4fa-4de2-8655-8b81421fd628/resourceGroups/RG-WE-BACKUP-CLOUDPEA/providers/Microsoft.RecoveryServices/vaults/RSV-WE-CLOUDPEA-1-GRS/backupPolicies/BP-TIER1-GRS-1",
                        "attributes": {
                            "backup.#": "1",
                            "backup.0.frequency": "Daily",
                            "backup.0.time": "23:00",
                            "backup.0.weekdays.#": "0",
                            "id": "/subscriptions/9c15dde4-f4fa-4de2-8655-8b81421fd628/resourceGroups/RG-WE-BACKUP-CLOUDPEA/providers/Microsoft.RecoveryServices/vaults/RSV-WE-CLOUDPEA-1-GRS/backupPolicies/BP-TIER1-GRS-1",
                            "name": "BP-TIER1-GRS-1",
                            "recovery_vault_name": "RSV-WE-CLOUDPEA-1-GRS",
                            "resource_group_name": "RG-WE-BACKUP-CLOUDPEA",
                            "retention_daily.#": "1",
                            "retention_daily.0.count": "30",
                            "retention_monthly.#": "1",
                            "retention_monthly.0.count": "12",
                            "retention_monthly.0.weekdays.#": "1",
                            "retention_monthly.0.weekdays.3428762049": "Sunday",
                            "retention_monthly.0.weeks.#": "1",
                            "retention_monthly.0.weeks.1255909792": "Last",
                            "retention_weekly.#": "1",
                            "retention_weekly.0.count": "12",
                            "retention_weekly.0.weekdays.#": "1",
                            "retention_weekly.0.weekdays.3428762049": "Sunday",
                            "retention_yearly.#": "0",
                            "tags.%": "0",
                            "timezone": "UTC"
                        },
                        "meta": {},
                        "tainted": false
                    },
                    "deposed": [],
                    "provider": "provider.azurerm"
                },
                "azurerm_recovery_services_protection_policy_vm.policy_tier2.0": {
                    "type": "azurerm_recovery_services_protection_policy_vm",
                    "depends_on": [
                        "azurerm_recovery_services_vault.vault_grs"
                    ],
                    "primary": {
                        "id": "/subscriptions/9c15dde4-f4fa-4de2-8655-8b81421fd628/resourceGroups/RG-WE-BACKUP-CLOUDPEA/providers/Microsoft.RecoveryServices/vaults/RSV-WE-CLOUDPEA-1-GRS/backupPolicies/BP-TIER2-GRS-0",
                        "attributes": {
                            "backup.#": "1",
                            "backup.0.frequency": "Daily",
                            "backup.0.time": "01:00",
                            "backup.0.weekdays.#": "0",
                            "id": "/subscriptions/9c15dde4-f4fa-4de2-8655-8b81421fd628/resourceGroups/RG-WE-BACKUP-CLOUDPEA/providers/Microsoft.RecoveryServices/vaults/RSV-WE-CLOUDPEA-1-GRS/backupPolicies/BP-TIER2-GRS-0",
                            "name": "BP-TIER2-GRS-0",
                            "recovery_vault_name": "RSV-WE-CLOUDPEA-1-GRS",
                            "resource_group_name": "RG-WE-BACKUP-CLOUDPEA",
                            "retention_daily.#": "1",
                            "retention_daily.0.count": "30",
                            "retention_monthly.#": "0",
                            "retention_weekly.#": "1",
                            "retention_weekly.0.count": "12",
                            "retention_weekly.0.weekdays.#": "1",
                            "retention_weekly.0.weekdays.3428762049": "Sunday",
                            "retention_yearly.#": "0",
                            "tags.%": "0",
                            "timezone": "UTC"
                        },
                        "meta": {},
                        "tainted": false
                    },
                    "deposed": [],
                    "provider": "provider.azurerm"
                },
                "azurerm_recovery_services_protection_policy_vm.policy_tier2.1": {
                    "type": "azurerm_recovery_services_protection_policy_vm",
                    "depends_on": [
                        "azurerm_recovery_services_vault.vault_grs"
                    ],
                    "primary": {
                        "id": "/subscriptions/9c15dde4-f4fa-4de2-8655-8b81421fd628/resourceGroups/RG-WE-BACKUP-CLOUDPEA/providers/Microsoft.RecoveryServices/vaults/RSV-WE-CLOUDPEA-1-GRS/backupPolicies/BP-TIER2-GRS-1",
                        "attributes": {
                            "backup.#": "1",
                            "backup.0.frequency": "Daily",
                            "backup.0.time": "01:00",
                            "backup.0.weekdays.#": "0",
                            "id": "/subscriptions/9c15dde4-f4fa-4de2-8655-8b81421fd628/resourceGroups/RG-WE-BACKUP-CLOUDPEA/providers/Microsoft.RecoveryServices/vaults/RSV-WE-CLOUDPEA-1-GRS/backupPolicies/BP-TIER2-GRS-1",
                            "name": "BP-TIER2-GRS-1",
                            "recovery_vault_name": "RSV-WE-CLOUDPEA-1-GRS",
                            "resource_group_name": "RG-WE-BACKUP-CLOUDPEA",
                            "retention_daily.#": "1",
                            "retention_daily.0.count": "30",
                            "retention_monthly.#": "0",
                            "retention_weekly.#": "1",
                            "retention_weekly.0.count": "12",
                            "retention_weekly.0.weekdays.#": "1",
                            "retention_weekly.0.weekdays.3428762049": "Sunday",
                            "retention_yearly.#": "0",
                            "tags.%": "0",
                            "timezone": "UTC"
                        },
                        "meta": {},
                        "tainted": false
                    },
                    "deposed": [],
                    "provider": "provider.azurerm"
                },
                "azurerm_recovery_services_protection_policy_vm.policy_tier3.0": {
                    "type": "azurerm_recovery_services_protection_policy_vm",
                    "depends_on": [
                        "azurerm_recovery_services_vault.vault_lrs"
                    ],
                    "primary": {
                        "id": "/subscriptions/9c15dde4-f4fa-4de2-8655-8b81421fd628/resourceGroups/RG-WE-BACKUP-CLOUDPEA/providers/Microsoft.RecoveryServices/vaults/RSV-WE-CLOUDPEA-1-LRS/backupPolicies/BP-TIER3-LRS-0",
                        "attributes": {
                            "backup.#": "1",
                            "backup.0.frequency": "Daily",
                            "backup.0.time": "03:00",
                            "backup.0.weekdays.#": "0",
                            "id": "/subscriptions/9c15dde4-f4fa-4de2-8655-8b81421fd628/resourceGroups/RG-WE-BACKUP-CLOUDPEA/providers/Microsoft.RecoveryServices/vaults/RSV-WE-CLOUDPEA-1-LRS/backupPolicies/BP-TIER3-LRS-0",
                            "name": "BP-TIER3-LRS-0",
                            "recovery_vault_name": "RSV-WE-CLOUDPEA-1-LRS",
                            "resource_group_name": "RG-WE-BACKUP-CLOUDPEA",
                            "retention_daily.#": "1",
                            "retention_daily.0.count": "7",
                            "retention_monthly.#": "0",
                            "retention_weekly.#": "1",
                            "retention_weekly.0.count": "7",
                            "retention_weekly.0.weekdays.#": "1",
                            "retention_weekly.0.weekdays.3428762049": "Sunday",
                            "retention_yearly.#": "0",
                            "tags.%": "0",
                            "timezone": "UTC"
                        },
                        "meta": {},
                        "tainted": false
                    },
                    "deposed": [],
                    "provider": "provider.azurerm"
                },
                "azurerm_recovery_services_protection_policy_vm.policy_tier3.1": {
                    "type": "azurerm_recovery_services_protection_policy_vm",
                    "depends_on": [
                        "azurerm_recovery_services_vault.vault_lrs"
                    ],
                    "primary": {
                        "id": "/subscriptions/9c15dde4-f4fa-4de2-8655-8b81421fd628/resourceGroups/RG-WE-BACKUP-CLOUDPEA/providers/Microsoft.RecoveryServices/vaults/RSV-WE-CLOUDPEA-1-LRS/backupPolicies/BP-TIER3-LRS-1",
                        "attributes": {
                            "backup.#": "1",
                            "backup.0.frequency": "Daily",
                            "backup.0.time": "03:00",
                            "backup.0.weekdays.#": "0",
                            "id": "/subscriptions/9c15dde4-f4fa-4de2-8655-8b81421fd628/resourceGroups/RG-WE-BACKUP-CLOUDPEA/providers/Microsoft.RecoveryServices/vaults/RSV-WE-CLOUDPEA-1-LRS/backupPolicies/BP-TIER3-LRS-1",
                            "name": "BP-TIER3-LRS-1",
                            "recovery_vault_name": "RSV-WE-CLOUDPEA-1-LRS",
                            "resource_group_name": "RG-WE-BACKUP-CLOUDPEA",
                            "retention_daily.#": "1",
                            "retention_daily.0.count": "7",
                            "retention_monthly.#": "0",
                            "retention_weekly.#": "1",
                            "retention_weekly.0.count": "7",
                            "retention_weekly.0.weekdays.#": "1",
                            "retention_weekly.0.weekdays.3428762049": "Sunday",
                            "retention_yearly.#": "0",
                            "tags.%": "0",
                            "timezone": "UTC"
                        },
                        "meta": {},
                        "tainted": false
                    },
                    "deposed": [],
                    "provider": "provider.azurerm"
                },
                "azurerm_recovery_services_protection_policy_vm.policy_tier4.0": {
                    "type": "azurerm_recovery_services_protection_policy_vm",
                    "depends_on": [
                        "azurerm_recovery_services_vault.vault_lrs"
                    ],
                    "primary": {
                        "id": "/subscriptions/9c15dde4-f4fa-4de2-8655-8b81421fd628/resourceGroups/RG-WE-BACKUP-CLOUDPEA/providers/Microsoft.RecoveryServices/vaults/RSV-WE-CLOUDPEA-1-LRS/backupPolicies/BP-TIER4-LRS-0",
                        "attributes": {
                            "backup.#": "1",
                            "backup.0.frequency": "Daily",
                            "backup.0.time": "03:00",
                            "backup.0.weekdays.#": "0",
                            "id": "/subscriptions/9c15dde4-f4fa-4de2-8655-8b81421fd628/resourceGroups/RG-WE-BACKUP-CLOUDPEA/providers/Microsoft.RecoveryServices/vaults/RSV-WE-CLOUDPEA-1-LRS/backupPolicies/BP-TIER4-LRS-0",
                            "name": "BP-TIER4-LRS-0",
                            "recovery_vault_name": "RSV-WE-CLOUDPEA-1-LRS",
                            "resource_group_name": "RG-WE-BACKUP-CLOUDPEA",
                            "retention_daily.#": "1",
                            "retention_daily.0.count": "7",
                            "retention_monthly.#": "0",
                            "retention_weekly.#": "0",
                            "retention_yearly.#": "0",
                            "tags.%": "0",
                            "timezone": "UTC"
                        },
                        "meta": {},
                        "tainted": false
                    },
                    "deposed": [],
                    "provider": "provider.azurerm"
                },
                "azurerm_recovery_services_protection_policy_vm.policy_tier4.1": {
                    "type": "azurerm_recovery_services_protection_policy_vm",
                    "depends_on": [
                        "azurerm_recovery_services_vault.vault_lrs"
                    ],
                    "primary": {
                        "id": "/subscriptions/9c15dde4-f4fa-4de2-8655-8b81421fd628/resourceGroups/RG-WE-BACKUP-CLOUDPEA/providers/Microsoft.RecoveryServices/vaults/RSV-WE-CLOUDPEA-1-LRS/backupPolicies/BP-TIER4-LRS-1",
                        "attributes": {
                            "backup.#": "1",
                            "backup.0.frequency": "Daily",
                            "backup.0.time": "03:00",
                            "backup.0.weekdays.#": "0",
                            "id": "/subscriptions/9c15dde4-f4fa-4de2-8655-8b81421fd628/resourceGroups/RG-WE-BACKUP-CLOUDPEA/providers/Microsoft.RecoveryServices/vaults/RSV-WE-CLOUDPEA-1-LRS/backupPolicies/BP-TIER4-LRS-1",
                            "name": "BP-TIER4-LRS-1",
                            "recovery_vault_name": "RSV-WE-CLOUDPEA-1-LRS",
                            "resource_group_name": "RG-WE-BACKUP-CLOUDPEA",
                            "retention_daily.#": "1",
                            "retention_daily.0.count": "7",
                            "retention_monthly.#": "0",
                            "retention_weekly.#": "0",
                            "retention_yearly.#": "0",
                            "tags.%": "0",
                            "timezone": "UTC"
                        },
                        "meta": {},
                        "tainted": false
                    },
                    "deposed": [],
                    "provider": "provider.azurerm"
                },
                "azurerm_recovery_services_vault.vault_grs": {
                    "type": "azurerm_recovery_services_vault",
                    "depends_on": [],
                    "primary": {
                        "id": "/subscriptions/9c15dde4-f4fa-4de2-8655-8b81421fd628/resourceGroups/RG-WE-BACKUP-CLOUDPEA/providers/Microsoft.RecoveryServices/vaults/RSV-WE-CLOUDPEA-1-GRS",
                        "attributes": {
                            "id": "/subscriptions/9c15dde4-f4fa-4de2-8655-8b81421fd628/resourceGroups/RG-WE-BACKUP-CLOUDPEA/providers/Microsoft.RecoveryServices/vaults/RSV-WE-CLOUDPEA-1-GRS",
                            "location": "westeurope",
                            "name": "RSV-WE-CLOUDPEA-1-GRS",
                            "resource_group_name": "RG-WE-BACKUP-CLOUDPEA",
                            "sku": "Standard",
                            "tags.%": "2",
                            "tags.Application": "Azure Backup",
                            "tags.Owner": "Ryan Froggatt"
                        },
                        "meta": {},
                        "tainted": false
                    },
                    "deposed": [],
                    "provider": "provider.azurerm"
                },
                "azurerm_recovery_services_vault.vault_lrs": {
                    "type": "azurerm_recovery_services_vault",
                    "depends_on": [],
                    "primary": {
                        "id": "/subscriptions/9c15dde4-f4fa-4de2-8655-8b81421fd628/resourceGroups/RG-WE-BACKUP-CLOUDPEA/providers/Microsoft.RecoveryServices/vaults/RSV-WE-CLOUDPEA-1-LRS",
                        "attributes": {
                            "id": "/subscriptions/9c15dde4-f4fa-4de2-8655-8b81421fd628/resourceGroups/RG-WE-BACKUP-CLOUDPEA/providers/Microsoft.RecoveryServices/vaults/RSV-WE-CLOUDPEA-1-LRS",
                            "location": "westeurope",
                            "name": "RSV-WE-CLOUDPEA-1-LRS",
                            "resource_group_name": "RG-WE-BACKUP-CLOUDPEA",
                            "sku": "Standard",
                            "tags.%": "2",
                            "tags.Application": "Azure Backup",
                            "tags.Owner": "Ryan Froggatt"
                        },
                        "meta": {},
                        "tainted": false
                    },
                    "deposed": [],
                    "provider": "provider.azurerm"
                }
            },
            "depends_on": []
        }
    ]
}
